
Microsoft Visual Studio Solution File, Format Version 12.00
# Visual Studio Version 16
VisualStudioVersion = 16.0.31702.278
MinimumVisualStudioVersion = 10.0.40219.1
Project("{FAE04EC0-301F-11D3-BF4B-00C04F79EFBC}") = "dz20", "dz20\dz20.csproj", "{30DA99E3-ED4F-4D93-BBC2-F6E3FDDEA629}"
EndProject
Global
	GlobalSection(SolutionConfigurationPlatforms) = preSolution
		Debug|Any CPU = Debug|Any CPU
		Release|Any CPU = Release|Any CPU
	EndGlobalSection
	GlobalSection(ProjectConfigurationPlatforms) = postSolution
		{30DA99E3-ED4F-4D93-BBC2-F6E3FDDEA629}.Debug|Any CPU.ActiveCfg = Debug|Any CPU
		{30DA99E3-ED4F-4D93-BBC2-F6E3FDDEA629}.Debug|Any CPU.Build.0 = Debug|Any CPU
		{30DA99E3-ED4F-4D93-BBC2-F6E3FDDEA629}.Release|Any CPU.ActiveCfg = Release|Any CPU
		{30DA99E3-ED4F-4D93-BBC2-F6E3FDDEA629}.Release|Any CPU.Build.0 = Release|Any CPU
	EndGlobalSection
	GlobalSection(SolutionProperties) = preSolution
		HideSolutionNode = FALSE
	EndGlobalSection
	GlobalSection(ExtensibilityGlobals) = postSolution
		SolutionGuid = {77A15AB1-B248-4DFD-956B-545F793403A4}
	EndGlobalSection
EndGlobal
